<?xml version="1.0" encoding="utf-8"?>
<Project ToolsVersion="4.0" xmlns="http://schemas.microsoft.com/developer/msbuild/2003">
  <ItemGroup>
    <Filter Include="Source Files">
      <UniqueIdentifier>{4FC737F1-C7A5-4376-A066-2A32D752A2FF}</UniqueIdentifier>
      <Extensions>cpp;c;cc;cxx;c++;cppm;ixx;def;odl;idl;hpj;bat;asm;asmx</Extensions>
    </Filter>
    <Filter Include="Header Files">
      <UniqueIdentifier>{93995380-89BD-4b04-88EB-625FBE52EBFB}</UniqueIdentifier>
      <Extensions>h;hh;hpp;hxx;h++;hm;inl;inc;ipp;xsd</Extensions>
    </Filter>
    <Filter Include="Resource Files">
      <UniqueIdentifier>{67DA6AB6-F800-4c08-8B7A-83BB121AAD01}</UniqueIdentifier>
      <Extensions>rc;ico;cur;bmp;dlg;rc2;rct;bin;rgs;gif;jpg;jpeg;jpe;resx;tiff;tif;png;wav;mfcribbon-ms</Extensions>
    </Filter>
    <Filter Include="Source Files\ecs">
      <UniqueIdentifier>{6a9dd2ee-9d1b-4e28-9711-890ae79ef67a}</UniqueIdentifier>
    </Filter>
    <Filter Include="Source Files\ecs\components">
      <UniqueIdentifier>{9b8500cb-752f-4272-a565-e1075ad377e9}</UniqueIdentifier>
    </Filter>
    <Filter Include="Source Files\ecs\systems">
      <UniqueIdentifier>{1921e889-45d5-4d50-8984-9e2b7fe87307}</UniqueIdentifier>
    </Filter>
    <Filter Include="Header Files\ecs">
      <UniqueIdentifier>{a38c230a-4df4-4f84-b2fa-9f12f4c3edee}</UniqueIdentifier>
    </Filter>
    <Filter Include="Header Files\ecs\components">
      <UniqueIdentifier>{73eb6fa0-43cb-4ffc-81a1-e4d3a8c64357}</UniqueIdentifier>
    </Filter>
    <Filter Include="Header Files\ecs\systems">
      <UniqueIdentifier>{2d5561b9-4e55-4a57-8198-06bf23749a93}</UniqueIdentifier>
    </Filter>
  </ItemGroup>
  <ItemGroup>
    <ClCompile Include="main.cpp">
      <Filter>Source Files</Filter>
    </ClCompile>
    <ClCompile Include="Game.cpp">
      <Filter>Source Files</Filter>
    </ClCompile>
    <ClCompile Include="MapReader.cpp">
      <Filter>Source Files</Filter>
    </ClCompile>
    <ClCompile Include="Tile.cpp">
      <Filter>Source Files</Filter>
    </ClCompile>
    <ClCompile Include="Player.cpp">
      <Filter>Source Files</Filter>
    </ClCompile>
    <ClCompile Include="ComponentManager.cpp">
      <Filter>Source Files\ecs</Filter>
    </ClCompile>
    <ClCompile Include="SpriteSystem.cpp">
      <Filter>Source Files\ecs\systems</Filter>
    </ClCompile>
    <ClCompile Include="TransformSystem.cpp">
      <Filter>Source Files\ecs\systems</Filter>
    </ClCompile>
    <ClCompile Include="MovementSystem.cpp">
      <Filter>Source Files\ecs\systems</Filter>
    </ClCompile>
    <ClCompile Include="CollisionSystem.cpp">
      <Filter>Source Files\ecs\systems</Filter>
    </ClCompile>
    <ClCompile Include="AnimationSystem.cpp">
      <Filter>Source Files\ecs\systems</Filter>
    </ClCompile>
    <ClCompile Include="CameraSystem.cpp">
      <Filter>Source Files\ecs\systems</Filter>
    </ClCompile>
    <ClCompile Include="GameObjectManager.cpp">
      <Filter>Source Files</Filter>
    </ClCompile>
  </ItemGroup>
  <ItemGroup>
    <ClInclude Include="Game.h">
      <Filter>Header Files</Filter>
    </ClInclude>
    <ClInclude Include="MapReader.h">
      <Filter>Header Files</Filter>
    </ClInclude>
    <ClInclude Include="Tile.h">
      <Filter>Header Files</Filter>
    </ClInclude>
    <ClInclude Include="GameObject.h">
      <Filter>Header Files</Filter>
    </ClInclude>
    <ClInclude Include="Player.h">
      <Filter>Header Files</Filter>
    </ClInclude>
    <ClInclude Include="resource.h">
      <Filter>Header Files</Filter>
    </ClInclude>
    <ClInclude Include="Helpers.h">
      <Filter>Header Files</Filter>
    </ClInclude>
    <ClInclude Include="BoxCollisionComponent.h">
      <Filter>Header Files\ecs\components</Filter>
    </ClInclude>
    <ClInclude Include="MovementComponent.h">
      <Filter>Header Files\ecs\components</Filter>
    </ClInclude>
    <ClInclude Include="SpriteComponent.h">
      <Filter>Header Files\ecs\components</Filter>
    </ClInclude>
    <ClInclude Include="SpriteSheetComponent.h">
      <Filter>Header Files\ecs\components</Filter>
    </ClInclude>
    <ClInclude Include="TransformComponent.h">
      <Filter>Header Files\ecs\components</Filter>
    </ClInclude>
    <ClInclude Include="ComponentManager.h">
      <Filter>Header Files\ecs</Filter>
    </ClInclude>
    <ClInclude Include="SpriteSystem.h">
      <Filter>Header Files\ecs\systems</Filter>
    </ClInclude>
    <ClInclude Include="TransformSystem.h">
      <Filter>Header Files\ecs\systems</Filter>
    </ClInclude>
    <ClInclude Include="MovementSystem.h">
      <Filter>Header Files\ecs\systems</Filter>
    </ClInclude>
    <ClInclude Include="CollisionSystem.h">
      <Filter>Header Files\ecs\systems</Filter>
    </ClInclude>
    <ClInclude Include="AnimationSystem.h">
      <Filter>Header Files\ecs\systems</Filter>
    </ClInclude>
    <ClInclude Include="CameraComponent.h">
      <Filter>Header Files\ecs\components</Filter>
    </ClInclude>
    <ClInclude Include="CameraSystem.h">
      <Filter>Header Files\ecs\systems</Filter>
    </ClInclude>
    <ClInclude Include="GameObjectManager.h">
      <Filter>Header Files</Filter>
    </ClInclude>
  </ItemGroup>
</Project>